
Microsoft Visual Studio Solution File, Format Version 12.00
# Visual Studio Version 16
VisualStudioVersion = 16.0.31729.503
MinimumVisualStudioVersion = 10.0.40219.1
Project("{FAE04EC0-301F-11D3-BF4B-00C04F79EFBC}") = "AQA_AlloUa", "AQA_AlloUa\AQA_AlloUa.csproj", "{3EE9F1A0-72F2-453E-B8E4-EB55A6F0EB37}"
EndProject
Global
	GlobalSection(SolutionConfigurationPlatforms) = preSolution
		Debug|Any CPU = Debug|Any CPU
		Release|Any CPU = Release|Any CPU
	EndGlobalSection
	GlobalSection(ProjectConfigurationPlatforms) = postSolution
		{3EE9F1A0-72F2-453E-B8E4-EB55A6F0EB37}.Debug|Any CPU.ActiveCfg = Debug|Any CPU
		{3EE9F1A0-72F2-453E-B8E4-EB55A6F0EB37}.Debug|Any CPU.Build.0 = Debug|Any CPU
		{3EE9F1A0-72F2-453E-B8E4-EB55A6F0EB37}.Release|Any CPU.ActiveCfg = Release|Any CPU
		{3EE9F1A0-72F2-453E-B8E4-EB55A6F0EB37}.Release|Any CPU.Build.0 = Release|Any CPU
	EndGlobalSection
	GlobalSection(SolutionProperties) = preSolution
		HideSolutionNode = FALSE
	EndGlobalSection
	GlobalSection(ExtensibilityGlobals) = postSolution
		SolutionGuid = {1120D07B-73C2-47BC-B8D4-98112D391DA1}
	EndGlobalSection
EndGlobal
